// !$*UTF8*$!
{
	archiveVersion = 1;
	classes = {
	};
	objectVersion = 56;
	objects = {

/* Begin PBXBuildFile section */
		865129EB2B6ADD860015E9CC /* AppDelegate.swift in Sources */ = {isa = PBXBuildFile; fileRef = 865129EA2B6ADD860015E9CC /* AppDelegate.swift */; };
		865129ED2B6ADD860015E9CC /* SceneDelegate.swift in Sources */ = {isa = PBXBuildFile; fileRef = 865129EC2B6ADD860015E9CC /* SceneDelegate.swift */; };
		865129EF2B6ADD860015E9CC /* NotesViewController.swift in Sources */ = {isa = PBXBuildFile; fileRef = 865129EE2B6ADD860015E9CC /* NotesViewController.swift */; };
		865129F52B6ADD860015E9CC /* notes.xcdatamodeld in Sources */ = {isa = PBXBuildFile; fileRef = 865129F32B6ADD860015E9CC /* notes.xcdatamodeld */; };
		865129F72B6ADD890015E9CC /* Assets.xcassets in Resources */ = {isa = PBXBuildFile; fileRef = 865129F62B6ADD890015E9CC /* Assets.xcassets */; };
		865129FA2B6ADD890015E9CC /* LaunchScreen.storyboard in Resources */ = {isa = PBXBuildFile; fileRef = 865129F82B6ADD890015E9CC /* LaunchScreen.storyboard */; };
		86C36C872B6BFA9E0033C9DB /* NoteModel.swift in Sources */ = {isa = PBXBuildFile; fileRef = 86C36C862B6BFA9E0033C9DB /* NoteModel.swift */; };
		86C36C892B6C07F70033C9DB /* NotesView.swift in Sources */ = {isa = PBXBuildFile; fileRef = 86C36C882B6C07F70033C9DB /* NotesView.swift */; };
		86C36C8B2B6C08E70033C9DB /* NotesTableViewDataSource.swift in Sources */ = {isa = PBXBuildFile; fileRef = 86C36C8A2B6C08E70033C9DB /* NotesTableViewDataSource.swift */; };
		86C36C8D2B6C08F60033C9DB /* NotesTableViewDelegate.swift in Sources */ = {isa = PBXBuildFile; fileRef = 86C36C8C2B6C08F60033C9DB /* NotesTableViewDelegate.swift */; };
		86C36C962B6C1B7E0033C9DB /* NotesTableViewCell.swift in Sources */ = {isa = PBXBuildFile; fileRef = 86C36C952B6C1B7E0033C9DB /* NotesTableViewCell.swift */; };
		86C36C982B6C2D520033C9DB /* NoteViewController.swift in Sources */ = {isa = PBXBuildFile; fileRef = 86C36C972B6C2D520033C9DB /* NoteViewController.swift */; };
		86C36C9A2B6C2D5B0033C9DB /* NoteView.swift in Sources */ = {isa = PBXBuildFile; fileRef = 86C36C992B6C2D5B0033C9DB /* NoteView.swift */; };
		86C36CA12B6C3A1A0033C9DB /* Note+CoreDataClass.swift in Sources */ = {isa = PBXBuildFile; fileRef = 86C36C9F2B6C3A1A0033C9DB /* Note+CoreDataClass.swift */; };
		86C36CA22B6C3A1A0033C9DB /* Note+CoreDataProperties.swift in Sources */ = {isa = PBXBuildFile; fileRef = 86C36CA02B6C3A1A0033C9DB /* Note+CoreDataProperties.swift */; };
		86C36CA52B6C3B630033C9DB /* NoteDataBaseManager.swift in Sources */ = {isa = PBXBuildFile; fileRef = 86C36CA42B6C3B630033C9DB /* NoteDataBaseManager.swift */; };
/* End PBXBuildFile section */

/* Begin PBXFileReference section */
		865129E72B6ADD860015E9CC /* notes.app */ = {isa = PBXFileReference; explicitFileType = wrapper.application; includeInIndex = 0; path = notes.app; sourceTree = BUILT_PRODUCTS_DIR; };
		865129EA2B6ADD860015E9CC /* AppDelegate.swift */ = {isa = PBXFileReference; lastKnownFileType = sourcecode.swift; path = AppDelegate.swift; sourceTree = "<group>"; };
		865129EC2B6ADD860015E9CC /* SceneDelegate.swift */ = {isa = PBXFileReference; lastKnownFileType = sourcecode.swift; path = SceneDelegate.swift; sourceTree = "<group>"; };
		865129EE2B6ADD860015E9CC /* NotesViewController.swift */ = {isa = PBXFileReference; lastKnownFileType = sourcecode.swift; path = NotesViewController.swift; sourceTree = "<group>"; };
		865129F42B6ADD860015E9CC /* notes.xcdatamodel */ = {isa = PBXFileReference; lastKnownFileType = wrapper.xcdatamodel; path = notes.xcdatamodel; sourceTree = "<group>"; };
		865129F62B6ADD890015E9CC /* Assets.xcassets */ = {isa = PBXFileReference; lastKnownFileType = folder.assetcatalog; path = Assets.xcassets; sourceTree = "<group>"; };
		865129F92B6ADD890015E9CC /* Base */ = {isa = PBXFileReference; lastKnownFileType = file.storyboard; name = Base; path = Base.lproj/LaunchScreen.storyboard; sourceTree = "<group>"; };
		865129FB2B6ADD890015E9CC /* Info.plist */ = {isa = PBXFileReference; lastKnownFileType = text.plist.xml; path = Info.plist; sourceTree = "<group>"; };
		86C36C862B6BFA9E0033C9DB /* NoteModel.swift */ = {isa = PBXFileReference; lastKnownFileType = sourcecode.swift; path = NoteModel.swift; sourceTree = "<group>"; };
		86C36C882B6C07F70033C9DB /* NotesView.swift */ = {isa = PBXFileReference; lastKnownFileType = sourcecode.swift; path = NotesView.swift; sourceTree = "<group>"; };
		86C36C8A2B6C08E70033C9DB /* NotesTableViewDataSource.swift */ = {isa = PBXFileReference; lastKnownFileType = sourcecode.swift; path = NotesTableViewDataSource.swift; sourceTree = "<group>"; };
		86C36C8C2B6C08F60033C9DB /* NotesTableViewDelegate.swift */ = {isa = PBXFileReference; lastKnownFileType = sourcecode.swift; path = NotesTableViewDelegate.swift; sourceTree = "<group>"; };
		86C36C952B6C1B7E0033C9DB /* NotesTableViewCell.swift */ = {isa = PBXFileReference; lastKnownFileType = sourcecode.swift; path = NotesTableViewCell.swift; sourceTree = "<group>"; };
		86C36C972B6C2D520033C9DB /* NoteViewController.swift */ = {isa = PBXFileReference; lastKnownFileType = sourcecode.swift; path = NoteViewController.swift; sourceTree = "<group>"; };
		86C36C992B6C2D5B0033C9DB /* NoteView.swift */ = {isa = PBXFileReference; lastKnownFileType = sourcecode.swift; path = NoteView.swift; sourceTree = "<group>"; };
		86C36C9F2B6C3A1A0033C9DB /* Note+CoreDataClass.swift */ = {isa = PBXFileReference; lastKnownFileType = sourcecode.swift; path = "Note+CoreDataClass.swift"; sourceTree = "<group>"; };
		86C36CA02B6C3A1A0033C9DB /* Note+CoreDataProperties.swift */ = {isa = PBXFileReference; lastKnownFileType = sourcecode.swift; path = "Note+CoreDataProperties.swift"; sourceTree = "<group>"; };
		86C36CA42B6C3B630033C9DB /* NoteDataBaseManager.swift */ = {isa = PBXFileReference; lastKnownFileType = sourcecode.swift; path = NoteDataBaseManager.swift; sourceTree = "<group>"; };
/* End PBXFileReference section */

/* Begin PBXFrameworksBuildPhase section */
		865129E42B6ADD860015E9CC /* Frameworks */ = {
			isa = PBXFrameworksBuildPhase;
			buildActionMask = 2147483647;
			files = (
			);
			runOnlyForDeploymentPostprocessing = 0;
		};
/* End PBXFrameworksBuildPhase section */

/* Begin PBXGroup section */
		865129DE2B6ADD860015E9CC = {
			isa = PBXGroup;
			children = (
				865129E92B6ADD860015E9CC /* notes */,
				865129E82B6ADD860015E9CC /* Products */,
			);
			sourceTree = "<group>";
		};
		865129E82B6ADD860015E9CC /* Products */ = {
			isa = PBXGroup;
			children = (
				865129E72B6ADD860015E9CC /* notes.app */,
			);
			name = Products;
			sourceTree = "<group>";
		};
		865129E92B6ADD860015E9CC /* notes */ = {
			isa = PBXGroup;
			children = (
				86C36C942B6C09790033C9DB /* Models */,
				86C36C922B6C09400033C9DB /* Resources */,
				86C36C912B6C09300033C9DB /* App */,
				86C36C902B6C09270033C9DB /* DataBase */,
				86C36C8E2B6C09010033C9DB /* Screens */,
			);
			path = notes;
			sourceTree = "<group>";
		};
		86C36C8E2B6C09010033C9DB /* Screens */ = {
			isa = PBXGroup;
			children = (
				86C36C932B6C09700033C9DB /* Note */,
				86C36C8F2B6C09100033C9DB /* Notes */,
			);
			path = Screens;
			sourceTree = "<group>";
		};
		86C36C8F2B6C09100033C9DB /* Notes */ = {
			isa = PBXGroup;
			children = (
				865129EE2B6ADD860015E9CC /* NotesViewController.swift */,
				86C36C882B6C07F70033C9DB /* NotesView.swift */,
				86C36C8A2B6C08E70033C9DB /* NotesTableViewDataSource.swift */,
				86C36C8C2B6C08F60033C9DB /* NotesTableViewDelegate.swift */,
				86C36C952B6C1B7E0033C9DB /* NotesTableViewCell.swift */,
			);
			path = Notes;
			sourceTree = "<group>";
		};
		86C36C902B6C09270033C9DB /* DataBase */ = {
			isa = PBXGroup;
			children = (
				86C36CA32B6C3B3D0033C9DB /* Models */,
				865129F32B6ADD860015E9CC /* notes.xcdatamodeld */,
				86C36CA42B6C3B630033C9DB /* NoteDataBaseManager.swift */,
			);
			path = DataBase;
			sourceTree = "<group>";
		};
		86C36C912B6C09300033C9DB /* App */ = {
			isa = PBXGroup;
			children = (
				865129EA2B6ADD860015E9CC /* AppDelegate.swift */,
				865129EC2B6ADD860015E9CC /* SceneDelegate.swift */,
				865129F82B6ADD890015E9CC /* LaunchScreen.storyboard */,
				865129FB2B6ADD890015E9CC /* Info.plist */,
			);
			path = App;
			sourceTree = "<group>";
		};
		86C36C922B6C09400033C9DB /* Resources */ = {
			isa = PBXGroup;
			children = (
				865129F62B6ADD890015E9CC /* Assets.xcassets */,
			);
			path = Resources;
			sourceTree = "<group>";
		};
		86C36C932B6C09700033C9DB /* Note */ = {
			isa = PBXGroup;
			children = (
				86C36C972B6C2D520033C9DB /* NoteViewController.swift */,
				86C36C992B6C2D5B0033C9DB /* NoteView.swift */,
			);
			path = Note;
			sourceTree = "<group>";
		};
		86C36C942B6C09790033C9DB /* Models */ = {
			isa = PBXGroup;
			children = (
				86C36C862B6BFA9E0033C9DB /* NoteModel.swift */,
			);
			path = Models;
			sourceTree = "<group>";
		};
		86C36CA32B6C3B3D0033C9DB /* Models */ = {
			isa = PBXGroup;
			children = (
				86C36C9F2B6C3A1A0033C9DB /* Note+CoreDataClass.swift */,
				86C36CA02B6C3A1A0033C9DB /* Note+CoreDataProperties.swift */,
			);
			path = Models;
			sourceTree = "<group>";
		};
/* End PBXGroup section */

/* Begin PBXNativeTarget section */
		865129E62B6ADD860015E9CC /* notes */ = {
			isa = PBXNativeTarget;
			buildConfigurationList = 865129FE2B6ADD890015E9CC /* Build configuration list for PBXNativeTarget "notes" */;
			buildPhases = (
				865129E32B6ADD860015E9CC /* Sources */,
				865129E42B6ADD860015E9CC /* Frameworks */,
				865129E52B6ADD860015E9CC /* Resources */,
			);
			buildRules = (
			);
			dependencies = (
			);
			name = notes;
			productName = notes;
			productReference = 865129E72B6ADD860015E9CC /* notes.app */;
			productType = "com.apple.product-type.application";
		};
/* End PBXNativeTarget section */

/* Begin PBXProject section */
		865129DF2B6ADD860015E9CC /* Project object */ = {
			isa = PBXProject;
			attributes = {
				BuildIndependentTargetsInParallel = 1;
				LastSwiftUpdateCheck = 1520;
				LastUpgradeCheck = 1520;
				TargetAttributes = {
					865129E62B6ADD860015E9CC = {
						CreatedOnToolsVersion = 15.2;
					};
				};
			};
			buildConfigurationList = 865129E22B6ADD860015E9CC /* Build configuration list for PBXProject "notes" */;
			compatibilityVersion = "Xcode 14.0";
			developmentRegion = en;
			hasScannedForEncodings = 0;
			knownRegions = (
				en,
				Base,
			);
			mainGroup = 865129DE2B6ADD860015E9CC;
			productRefGroup = 865129E82B6ADD860015E9CC /* Products */;
			projectDirPath = "";
			projectRoot = "";
			targets = (
				865129E62B6ADD860015E9CC /* notes */,
			);
		};
/* End PBXProject section */

/* Begin PBXResourcesBuildPhase section */
		865129E52B6ADD860015E9CC /* Resources */ = {
			isa = PBXResourcesBuildPhase;
			buildActionMask = 2147483647;
			files = (
				865129FA2B6ADD890015E9CC /* LaunchScreen.storyboard in Resources */,
				865129F72B6ADD890015E9CC /* Assets.xcassets in Resources */,
			);
			runOnlyForDeploymentPostprocessing = 0;
		};
/* End PBXResourcesBuildPhase section */

/* Begin PBXSourcesBuildPhase section */
		865129E32B6ADD860015E9CC /* Sources */ = {
			isa = PBXSourcesBuildPhase;
			buildActionMask = 2147483647;
			files = (
				86C36C872B6BFA9E0033C9DB /* NoteModel.swift in Sources */,
				86C36C8B2B6C08E70033C9DB /* NotesTableViewDataSource.swift in Sources */,
				865129EF2B6ADD860015E9CC /* NotesViewController.swift in Sources */,
				86C36CA22B6C3A1A0033C9DB /* Note+CoreDataProperties.swift in Sources */,
				865129EB2B6ADD860015E9CC /* AppDelegate.swift in Sources */,
				86C36C9A2B6C2D5B0033C9DB /* NoteView.swift in Sources */,
				86C36CA52B6C3B630033C9DB /* NoteDataBaseManager.swift in Sources */,
				865129ED2B6ADD860015E9CC /* SceneDelegate.swift in Sources */,
				86C36C892B6C07F70033C9DB /* NotesView.swift in Sources */,
				86C36C8D2B6C08F60033C9DB /* NotesTableViewDelegate.swift in Sources */,
				865129F52B6ADD860015E9CC /* notes.xcdatamodeld in Sources */,
				86C36CA12B6C3A1A0033C9DB /* Note+CoreDataClass.swift in Sources */,
				86C36C982B6C2D520033C9DB /* NoteViewController.swift in Sources */,
				86C36C962B6C1B7E0033C9DB /* NotesTableViewCell.swift in Sources */,
			);
			runOnlyForDeploymentPostprocessing = 0;
		};
/* End PBXSourcesBuildPhase section */

/* Begin PBXVariantGroup section */
		865129F82B6ADD890015E9CC /* LaunchScreen.storyboard */ = {
			isa = PBXVariantGroup;
			children = (
				865129F92B6ADD890015E9CC /* Base */,
			);
			name = LaunchScreen.storyboard;
			sourceTree = "<group>";
		};
/* End PBXVariantGroup section */

/* Begin XCBuildConfiguration section */
		865129FC2B6ADD890015E9CC /* Debug */ = {
			isa = XCBuildConfiguration;
			buildSettings = {
				ALWAYS_SEARCH_USER_PATHS = NO;
				ASSETCATALOG_COMPILER_GENERATE_SWIFT_ASSET_SYMBOL_EXTENSIONS = YES;
				CLANG_ANALYZER_NONNULL = YES;
				CLANG_ANALYZER_NUMBER_OBJECT_CONVERSION = YES_AGGRESSIVE;
				CLANG_CXX_LANGUAGE_STANDARD = "gnu++20";
				CLANG_ENABLE_MODULES = YES;
				CLANG_ENABLE_OBJC_ARC = YES;
				CLANG_ENABLE_OBJC_WEAK = YES;
				CLANG_WARN_BLOCK_CAPTURE_AUTORELEASING = YES;
				CLANG_WARN_BOOL_CONVERSION = YES;
				CLANG_WARN_COMMA = YES;
				CLANG_WARN_CONSTANT_CONVERSION = YES;
				CLANG_WARN_DEPRECATED_OBJC_IMPLEMENTATIONS = YES;
				CLANG_WARN_DIRECT_OBJC_ISA_USAGE = YES_ERROR;
				CLANG_WARN_DOCUMENTATION_COMMENTS = YES;
				CLANG_WARN_EMPTY_BODY = YES;
				CLANG_WARN_ENUM_CONVERSION = YES;
				CLANG_WARN_INFINITE_RECURSION = YES;
				CLANG_WARN_INT_CONVERSION = YES;
				CLANG_WARN_NON_LITERAL_NULL_CONVERSION = YES;
				CLANG_WARN_OBJC_IMPLICIT_RETAIN_SELF = YES;
				CLANG_WARN_OBJC_LITERAL_CONVERSION = YES;
				CLANG_WARN_OBJC_ROOT_CLASS = YES_ERROR;
				CLANG_WARN_QUOTED_INCLUDE_IN_FRAMEWORK_HEADER = YES;
				CLANG_WARN_RANGE_LOOP_ANALYSIS = YES;
				CLANG_WARN_STRICT_PROTOTYPES = YES;
				CLANG_WARN_SUSPICIOUS_MOVE = YES;
				CLANG_WARN_UNGUARDED_AVAILABILITY = YES_AGGRESSIVE;
				CLANG_WARN_UNREACHABLE_CODE = YES;
				CLANG_WARN__DUPLICATE_METHOD_MATCH = YES;
				COPY_PHASE_STRIP = NO;
				DEBUG_INFORMATION_FORMAT = dwarf;
				ENABLE_STRICT_OBJC_MSGSEND = YES;
				ENABLE_TESTABILITY = YES;
				ENABLE_USER_SCRIPT_SANDBOXING = YES;
				GCC_C_LANGUAGE_STANDARD = gnu17;
				GCC_DYNAMIC_NO_PIC = NO;
				GCC_NO_COMMON_BLOCKS = YES;
				GCC_OPTIMIZATION_LEVEL = 0;
				GCC_PREPROCESSOR_DEFINITIONS = (
					"DEBUG=1",
					"$(inherited)",
				);
				GCC_WARN_64_TO_32_BIT_CONVERSION = YES;
				GCC_WARN_ABOUT_RETURN_TYPE = YES_ERROR;
				GCC_WARN_UNDECLARED_SELECTOR = YES;
				GCC_WARN_UNINITIALIZED_AUTOS = YES_AGGRESSIVE;
				GCC_WARN_UNUSED_FUNCTION = YES;
				GCC_WARN_UNUSED_VARIABLE = YES;
				IPHONEOS_DEPLOYMENT_TARGET = 16.0;
				LOCALIZATION_PREFERS_STRING_CATALOGS = YES;
				MTL_ENABLE_DEBUG_INFO = INCLUDE_SOURCE;
				MTL_FAST_MATH = YES;
				ONLY_ACTIVE_ARCH = YES;
				SDKROOT = iphoneos;
				SWIFT_ACTIVE_COMPILATION_CONDITIONS = "DEBUG $(inherited)";
				SWIFT_OPTIMIZATION_LEVEL = "-Onone";
			};
			name = Debug;
		};
		865129FD2B6ADD890015E9CC /* Release */ = {
			isa = XCBuildConfiguration;
			buildSettings = {
				ALWAYS_SEARCH_USER_PATHS = NO;
				ASSETCATALOG_COMPILER_GENERATE_SWIFT_ASSET_SYMBOL_EXTENSIONS = YES;
				CLANG_ANALYZER_NONNULL = YES;
				CLANG_ANALYZER_NUMBER_OBJECT_CONVERSION = YES_AGGRESSIVE;
				CLANG_CXX_LANGUAGE_STANDARD = "gnu++20";
				CLANG_ENABLE_MODULES = YES;
				CLANG_ENABLE_OBJC_ARC = YES;
				CLANG_ENABLE_OBJC_WEAK = YES;
				CLANG_WARN_BLOCK_CAPTURE_AUTORELEASING = YES;
				CLANG_WARN_BOOL_CONVERSION = YES;
				CLANG_WARN_COMMA = YES;
				CLANG_WARN_CONSTANT_CONVERSION = YES;
				CLANG_WARN_DEPRECATED_OBJC_IMPLEMENTATIONS = YES;
				CLANG_WARN_DIRECT_OBJC_ISA_USAGE = YES_ERROR;
				CLANG_WARN_DOCUMENTATION_COMMENTS = YES;
				CLANG_WARN_EMPTY_BODY = YES;
				CLANG_WARN_ENUM_CONVERSION = YES;
				CLANG_WARN_INFINITE_RECURSION = YES;
				CLANG_WARN_INT_CONVERSION = YES;
				CLANG_WARN_NON_LITERAL_NULL_CONVERSION = YES;
				CLANG_WARN_OBJC_IMPLICIT_RETAIN_SELF = YES;
				CLANG_WARN_OBJC_LITERAL_CONVERSION = YES;
				CLANG_WARN_OBJC_ROOT_CLASS = YES_ERROR;
				CLANG_WARN_QUOTED_INCLUDE_IN_FRAMEWORK_HEADER = YES;
				CLANG_WARN_RANGE_LOOP_ANALYSIS = YES;
				CLANG_WARN_STRICT_PROTOTYPES = YES;
				CLANG_WARN_SUSPICIOUS_MOVE = YES;
				CLANG_WARN_UNGUARDED_AVAILABILITY = YES_AGGRESSIVE;
				CLANG_WARN_UNREACHABLE_CODE = YES;
				CLANG_WARN__DUPLICATE_METHOD_MATCH = YES;
				COPY_PHASE_STRIP = NO;
				DEBUG_INFORMATION_FORMAT = "dwarf-with-dsym";
				ENABLE_NS_ASSERTIONS = NO;
				ENABLE_STRICT_OBJC_MSGSEND = YES;
				ENABLE_USER_SCRIPT_SANDBOXING = YES;
				GCC_C_LANGUAGE_STANDARD = gnu17;
				GCC_NO_COMMON_BLOCKS = YES;
				GCC_WARN_64_TO_32_BIT_CONVERSION = YES;
				GCC_WARN_ABOUT_RETURN_TYPE = YES_ERROR;
				GCC_WARN_UNDECLARED_SELECTOR = YES;
				GCC_WARN_UNINITIALIZED_AUTOS = YES_AGGRESSIVE;
				GCC_WARN_UNUSED_FUNCTION = YES;
				GCC_WARN_UNUSED_VARIABLE = YES;
				IPHONEOS_DEPLOYMENT_TARGET = 16.0;
				LOCALIZATION_PREFERS_STRING_CATALOGS = YES;
				MTL_ENABLE_DEBUG_INFO = NO;
				MTL_FAST_MATH = YES;
				SDKROOT = iphoneos;
				SWIFT_COMPILATION_MODE = wholemodule;
				VALIDATE_PRODUCT = YES;
			};
			name = Release;
		};
		865129FF2B6ADD890015E9CC /* Debug */ = {
			isa = XCBuildConfiguration;
			buildSettings = {
				ASSETCATALOG_COMPILER_APPICON_NAME = AppIcon;
				ASSETCATALOG_COMPILER_GLOBAL_ACCENT_COLOR_NAME = AccentColor;
				CODE_SIGN_STYLE = Automatic;
				CURRENT_PROJECT_VERSION = 1;
				DEVELOPMENT_TEAM = 44HPY46T35;
				GENERATE_INFOPLIST_FILE = YES;
				INFOPLIST_FILE = notes/App/Info.plist;
				INFOPLIST_KEY_CFBundleDisplayName = Notes;
				INFOPLIST_KEY_LSApplicationCategoryType = "public.app-category.utilities";
				INFOPLIST_KEY_UIApplicationSupportsIndirectInputEvents = YES;
				INFOPLIST_KEY_UILaunchStoryboardName = LaunchScreen.storyboard;
				INFOPLIST_KEY_UISupportedInterfaceOrientations = UIInterfaceOrientationPortrait;
				LD_RUNPATH_SEARCH_PATHS = (
					"$(inherited)",
					"@executable_path/Frameworks",
				);
				MARKETING_VERSION = 1.0;
				PRODUCT_BUNDLE_IDENTIFIER = com.vladmikhalko.notes;
				PRODUCT_NAME = "$(TARGET_NAME)";
				SUPPORTED_PLATFORMS = "iphoneos iphonesimulator";
				SUPPORTS_MACCATALYST = NO;
				SUPPORTS_MAC_DESIGNED_FOR_IPHONE_IPAD = NO;
				SUPPORTS_XR_DESIGNED_FOR_IPHONE_IPAD = NO;
				SWIFT_EMIT_LOC_STRINGS = YES;
				SWIFT_VERSION = 5.0;
				TARGETED_DEVICE_FAMILY = 1;
			};
			name = Debug;
		};
		86512A002B6ADD890015E9CC /* Release */ = {
			isa = XCBuildConfiguration;
			buildSettings = {
				ASSETCATALOG_COMPILER_APPICON_NAME = AppIcon;
				ASSETCATALOG_COMPILER_GLOBAL_ACCENT_COLOR_NAME = AccentColor;
				CODE_SIGN_STYLE = Automatic;
				CURRENT_PROJECT_VERSION = 1;
				DEVELOPMENT_TEAM = 44HPY46T35;
				GENERATE_INFOPLIST_FILE = YES;
				INFOPLIST_FILE = notes/App/Info.plist;
				INFOPLIST_KEY_CFBundleDisplayName = Notes;
				INFOPLIST_KEY_LSApplicationCategoryType = "public.app-category.utilities";
				INFOPLIST_KEY_UIApplicationSupportsIndirectInputEvents = YES;
				INFOPLIST_KEY_UILaunchStoryboardName = LaunchScreen.storyboard;
				INFOPLIST_KEY_UISupportedInterfaceOrientations = UIInterfaceOrientationPortrait;
				LD_RUNPATH_SEARCH_PATHS = (
					"$(inherited)",
					"@executable_path/Frameworks",
				);
				MARKETING_VERSION = 1.0;
				PRODUCT_BUNDLE_IDENTIFIER = com.vladmikhalko.notes;
				PRODUCT_NAME = "$(TARGET_NAME)";
				SUPPORTED_PLATFORMS = "iphoneos iphonesimulator";
				SUPPORTS_MACCATALYST = NO;
				SUPPORTS_MAC_DESIGNED_FOR_IPHONE_IPAD = NO;
				SUPPORTS_XR_DESIGNED_FOR_IPHONE_IPAD = NO;
				SWIFT_EMIT_LOC_STRINGS = YES;
				SWIFT_VERSION = 5.0;
				TARGETED_DEVICE_FAMILY = 1;
			};
			name = Release;
		};
/* End XCBuildConfiguration section */

/* Begin XCConfigurationList section */
		865129E22B6ADD860015E9CC /* Build configuration list for PBXProject "notes" */ = {
			isa = XCConfigurationList;
			buildConfigurations = (
				865129FC2B6ADD890015E9CC /* Debug */,
				865129FD2B6ADD890015E9CC /* Release */,
			);
			defaultConfigurationIsVisible = 0;
			defaultConfigurationName = Release;
		};
		865129FE2B6ADD890015E9CC /* Build configuration list for PBXNativeTarget "notes" */ = {
			isa = XCConfigurationList;
			buildConfigurations = (
				865129FF2B6ADD890015E9CC /* Debug */,
				86512A002B6ADD890015E9CC /* Release */,
			);
			defaultConfigurationIsVisible = 0;
			defaultConfigurationName = Release;
		};
/* End XCConfigurationList section */

/* Begin XCVersionGroup section */
		865129F32B6ADD860015E9CC /* notes.xcdatamodeld */ = {
			isa = XCVersionGroup;
			children = (
				865129F42B6ADD860015E9CC /* notes.xcdatamodel */,
			);
			currentVersion = 865129F42B6ADD860015E9CC /* notes.xcdatamodel */;
			path = notes.xcdatamodeld;
			sourceTree = "<group>";
			versionGroupType = wrapper.xcdatamodel;
		};
/* End XCVersionGroup section */
	};
	rootObject = 865129DF2B6ADD860015E9CC /* Project object */;
}
